# This file is automatically @generated by Cargo.
# It is not intended for manual editing.
version = 4

[[package]]
name = "assets_generator"
version = "0.1.0"
dependencies = [
 "stringcase",
]

[[package]]
name = "bevy_tools"
version = "0.1.0"
dependencies = [
 "assets_generator",
]

[[package]]
name = "stringcase"
version = "0.4.0"
source = "registry+https://github.com/rust-lang/crates.io-index"
checksum = "72abeda133c49d7bddece6c154728f83eec8172380c80ab7096da9487e20d27c"
